{
  "requires": true,
  "lockfileVersion": 1,
  "dependencies": {
    "@angular/animations": {
      "version": "6.1.4",
      "resolved": "https://registry.npmjs.org/@angular/animations/-/animations-6.1.4.tgz",
      "integrity": "sha512-R+akCyIneyqJ5wAf9VaymvxbxM4Iw3YsUdylO9rrr9wAUhzmzWhCSGK9bncwL4+d5rbd0n1u+8A8Gm0dZe1P1A==",
      "requires": {
        "tslib": "1.9.3"
      }
    },
    "tslib": {
      "version": "1.9.3",
      "resolved": "https://registry.npmjs.org/tslib/-/tslib-1.9.3.tgz",
      "integrity": "sha512-4krF8scpejhaOgqzBEcGM7yDIEfi0/8+8zDRZhNZZ2kjmHJ4hv3zCbQWxoJGz1iw5U0Jl0nma13xzHXcncMavQ=="
    }
  }
}
